// !$*UTF8*$!
{
	archiveVersion = 1;
	classes = {
	};
	objectVersion = 56;
	objects = {

/* Begin PBXBuildFile section */
		30776DE12AF08CDF005C806B /* NetworkUtils.swift in Sources */ = {isa = PBXBuildFile; fileRef = 30776DE02AF08CDF005C806B /* NetworkUtils.swift */; };
		30776DE32AF08D63005C806B /* Constants.swift in Sources */ = {isa = PBXBuildFile; fileRef = 30776DE22AF08D63005C806B /* Constants.swift */; };
		30776DE52AF08DBC005C806B /* PokemonResponseModel.swift in Sources */ = {isa = PBXBuildFile; fileRef = 30776DE42AF08DBC005C806B /* PokemonResponseModel.swift */; };
		30776DE72AF08DF9005C806B /* PokemonListResponseModel.swift in Sources */ = {isa = PBXBuildFile; fileRef = 30776DE62AF08DF9005C806B /* PokemonListResponseModel.swift */; };
		30776DE92AF08E3D005C806B /* ExploreDataSource.swift in Sources */ = {isa = PBXBuildFile; fileRef = 30776DE82AF08E3D005C806B /* ExploreDataSource.swift */; };
		30776DEB2AF0906A005C806B /* PokemonEntity.swift in Sources */ = {isa = PBXBuildFile; fileRef = 30776DEA2AF0906A005C806B /* PokemonEntity.swift */; };
		30776DEE2AF091A4005C806B /* ExploreRepositoryProtocol.swift in Sources */ = {isa = PBXBuildFile; fileRef = 30776DED2AF091A4005C806B /* ExploreRepositoryProtocol.swift */; };
		30776DF02AF091E5005C806B /* ExploreRepository.swift in Sources */ = {isa = PBXBuildFile; fileRef = 30776DEF2AF091E5005C806B /* ExploreRepository.swift */; };
		30776DF22AF0942F005C806B /* GetPokemonListUseCase.swift in Sources */ = {isa = PBXBuildFile; fileRef = 30776DF12AF0942F005C806B /* GetPokemonListUseCase.swift */; };
		30776DF42AF09450005C806B /* PokemonExploreView.swift in Sources */ = {isa = PBXBuildFile; fileRef = 30776DF32AF09450005C806B /* PokemonExploreView.swift */; };
		30776DF72AF09482005C806B /* PokemonListView.swift in Sources */ = {isa = PBXBuildFile; fileRef = 30776DF62AF09482005C806B /* PokemonListView.swift */; };
		30776E032AF0DE3D005C806B /* PokemonItemView.swift in Sources */ = {isa = PBXBuildFile; fileRef = 30776E022AF0DE3D005C806B /* PokemonItemView.swift */; };
		30776E052AF0E085005C806B /* PokemonDetailResponseModel.swift in Sources */ = {isa = PBXBuildFile; fileRef = 30776E042AF0E085005C806B /* PokemonDetailResponseModel.swift */; };
		30776E072AF0E0FB005C806B /* DetailDataSource.swift in Sources */ = {isa = PBXBuildFile; fileRef = 30776E062AF0E0FB005C806B /* DetailDataSource.swift */; };
		30776E092AF0E2FB005C806B /* PokemonDetailEntity.swift in Sources */ = {isa = PBXBuildFile; fileRef = 30776E082AF0E2FB005C806B /* PokemonDetailEntity.swift */; };
		30776E0B2AF0E3D7005C806B /* DetailRepositoryProtocol.swift in Sources */ = {isa = PBXBuildFile; fileRef = 30776E0A2AF0E3D7005C806B /* DetailRepositoryProtocol.swift */; };
		30776E0D2AF0E417005C806B /* DetailRepository.swift in Sources */ = {isa = PBXBuildFile; fileRef = 30776E0C2AF0E417005C806B /* DetailRepository.swift */; };
		30776E102AF0E4EC005C806B /* GetPokemonDetailUseCase.swift in Sources */ = {isa = PBXBuildFile; fileRef = 30776E0F2AF0E4EC005C806B /* GetPokemonDetailUseCase.swift */; };
		30776E122AF0E570005C806B /* PokemonDetailViewDeprecated.swift in Sources */ = {isa = PBXBuildFile; fileRef = 30776E112AF0E570005C806B /* PokemonDetailViewDeprecated.swift */; };
		30776E142AF0F0AE005C806B /* PokemonStatsModel.swift in Sources */ = {isa = PBXBuildFile; fileRef = 30776E132AF0F0AE005C806B /* PokemonStatsModel.swift */; };
		30776E162AF0F147005C806B /* PokemonStatModel.swift in Sources */ = {isa = PBXBuildFile; fileRef = 30776E152AF0F147005C806B /* PokemonStatModel.swift */; };
		30776E1B2AF0FB28005C806B /* PokemonModel.swift in Sources */ = {isa = PBXBuildFile; fileRef = 30776E1A2AF0FB28005C806B /* PokemonModel.swift */; };
		30776E1D2AF0FBC4005C806B /* PokemonExploreViewModel.swift in Sources */ = {isa = PBXBuildFile; fileRef = 30776E1C2AF0FBC4005C806B /* PokemonExploreViewModel.swift */; };
		30776E232AF0FC8F005C806B /* PokemonExplorerView.swift in Sources */ = {isa = PBXBuildFile; fileRef = 30776E222AF0FC8F005C806B /* PokemonExplorerView.swift */; };
		309496492AEFECE200F029C5 /* PokedexSwiftApp.swift in Sources */ = {isa = PBXBuildFile; fileRef = 309496482AEFECE200F029C5 /* PokedexSwiftApp.swift */; };
		3094964B2AEFECE200F029C5 /* ContentView.swift in Sources */ = {isa = PBXBuildFile; fileRef = 3094964A2AEFECE200F029C5 /* ContentView.swift */; };
		3094964D2AEFECE400F029C5 /* Assets.xcassets in Resources */ = {isa = PBXBuildFile; fileRef = 3094964C2AEFECE400F029C5 /* Assets.xcassets */; };
		309496502AEFECE400F029C5 /* Preview Assets.xcassets in Resources */ = {isa = PBXBuildFile; fileRef = 3094964F2AEFECE400F029C5 /* Preview Assets.xcassets */; };
		89ADE2662AF135320076D044 /* PokemonDetailModel.swift in Sources */ = {isa = PBXBuildFile; fileRef = 89ADE2652AF135320076D044 /* PokemonDetailModel.swift */; };
		89ADE2682AF136BA0076D044 /* PokemonDetailViewModel.swift in Sources */ = {isa = PBXBuildFile; fileRef = 89ADE2672AF136BA0076D044 /* PokemonDetailViewModel.swift */; };
		89ADE26A2AF1381F0076D044 /* PokemonDetailView.swift in Sources */ = {isa = PBXBuildFile; fileRef = 89ADE2692AF1381F0076D044 /* PokemonDetailView.swift */; };
/* End PBXBuildFile section */

/* Begin PBXFileReference section */
		30776DE02AF08CDF005C806B /* NetworkUtils.swift */ = {isa = PBXFileReference; lastKnownFileType = sourcecode.swift; path = NetworkUtils.swift; sourceTree = "<group>"; };
		30776DE22AF08D63005C806B /* Constants.swift */ = {isa = PBXFileReference; lastKnownFileType = sourcecode.swift; path = Constants.swift; sourceTree = "<group>"; };
		30776DE42AF08DBC005C806B /* PokemonResponseModel.swift */ = {isa = PBXFileReference; lastKnownFileType = sourcecode.swift; path = PokemonResponseModel.swift; sourceTree = "<group>"; };
		30776DE62AF08DF9005C806B /* PokemonListResponseModel.swift */ = {isa = PBXFileReference; lastKnownFileType = sourcecode.swift; path = PokemonListResponseModel.swift; sourceTree = "<group>"; };
		30776DE82AF08E3D005C806B /* ExploreDataSource.swift */ = {isa = PBXFileReference; lastKnownFileType = sourcecode.swift; path = ExploreDataSource.swift; sourceTree = "<group>"; };
		30776DEA2AF0906A005C806B /* PokemonEntity.swift */ = {isa = PBXFileReference; lastKnownFileType = sourcecode.swift; path = PokemonEntity.swift; sourceTree = "<group>"; };
		30776DED2AF091A4005C806B /* ExploreRepositoryProtocol.swift */ = {isa = PBXFileReference; lastKnownFileType = sourcecode.swift; path = ExploreRepositoryProtocol.swift; sourceTree = "<group>"; };
		30776DEF2AF091E5005C806B /* ExploreRepository.swift */ = {isa = PBXFileReference; lastKnownFileType = sourcecode.swift; path = ExploreRepository.swift; sourceTree = "<group>"; };
		30776DF12AF0942F005C806B /* GetPokemonListUseCase.swift */ = {isa = PBXFileReference; lastKnownFileType = sourcecode.swift; path = GetPokemonListUseCase.swift; sourceTree = "<group>"; };
		30776DF32AF09450005C806B /* PokemonExploreView.swift */ = {isa = PBXFileReference; lastKnownFileType = sourcecode.swift; path = PokemonExploreView.swift; sourceTree = "<group>"; };
		30776DF62AF09482005C806B /* PokemonListView.swift */ = {isa = PBXFileReference; lastKnownFileType = sourcecode.swift; path = PokemonListView.swift; sourceTree = "<group>"; };
		30776E022AF0DE3D005C806B /* PokemonItemView.swift */ = {isa = PBXFileReference; lastKnownFileType = sourcecode.swift; path = PokemonItemView.swift; sourceTree = "<group>"; };
		30776E042AF0E085005C806B /* PokemonDetailResponseModel.swift */ = {isa = PBXFileReference; lastKnownFileType = sourcecode.swift; path = PokemonDetailResponseModel.swift; sourceTree = "<group>"; };
		30776E062AF0E0FB005C806B /* DetailDataSource.swift */ = {isa = PBXFileReference; lastKnownFileType = sourcecode.swift; path = DetailDataSource.swift; sourceTree = "<group>"; };
		30776E082AF0E2FB005C806B /* PokemonDetailEntity.swift */ = {isa = PBXFileReference; lastKnownFileType = sourcecode.swift; path = PokemonDetailEntity.swift; sourceTree = "<group>"; };
		30776E0A2AF0E3D7005C806B /* DetailRepositoryProtocol.swift */ = {isa = PBXFileReference; lastKnownFileType = sourcecode.swift; path = DetailRepositoryProtocol.swift; sourceTree = "<group>"; };
		30776E0C2AF0E417005C806B /* DetailRepository.swift */ = {isa = PBXFileReference; lastKnownFileType = sourcecode.swift; path = DetailRepository.swift; sourceTree = "<group>"; };
		30776E0F2AF0E4EC005C806B /* GetPokemonDetailUseCase.swift */ = {isa = PBXFileReference; lastKnownFileType = sourcecode.swift; path = GetPokemonDetailUseCase.swift; sourceTree = "<group>"; };
		30776E112AF0E570005C806B /* PokemonDetailViewDeprecated.swift */ = {isa = PBXFileReference; lastKnownFileType = sourcecode.swift; path = PokemonDetailViewDeprecated.swift; sourceTree = "<group>"; };
		30776E132AF0F0AE005C806B /* PokemonStatsModel.swift */ = {isa = PBXFileReference; lastKnownFileType = sourcecode.swift; path = PokemonStatsModel.swift; sourceTree = "<group>"; };
		30776E152AF0F147005C806B /* PokemonStatModel.swift */ = {isa = PBXFileReference; lastKnownFileType = sourcecode.swift; path = PokemonStatModel.swift; sourceTree = "<group>"; };
		30776E1A2AF0FB28005C806B /* PokemonModel.swift */ = {isa = PBXFileReference; lastKnownFileType = sourcecode.swift; path = PokemonModel.swift; sourceTree = "<group>"; };
		30776E1C2AF0FBC4005C806B /* PokemonExploreViewModel.swift */ = {isa = PBXFileReference; lastKnownFileType = sourcecode.swift; path = PokemonExploreViewModel.swift; sourceTree = "<group>"; };
		30776E222AF0FC8F005C806B /* PokemonExplorerView.swift */ = {isa = PBXFileReference; lastKnownFileType = sourcecode.swift; path = PokemonExplorerView.swift; sourceTree = "<group>"; };
		309496452AEFECE200F029C5 /* PokedexSwift.app */ = {isa = PBXFileReference; explicitFileType = wrapper.application; includeInIndex = 0; path = PokedexSwift.app; sourceTree = BUILT_PRODUCTS_DIR; };
		309496482AEFECE200F029C5 /* PokedexSwiftApp.swift */ = {isa = PBXFileReference; lastKnownFileType = sourcecode.swift; path = PokedexSwiftApp.swift; sourceTree = "<group>"; };
		3094964A2AEFECE200F029C5 /* ContentView.swift */ = {isa = PBXFileReference; lastKnownFileType = sourcecode.swift; path = ContentView.swift; sourceTree = "<group>"; };
		3094964C2AEFECE400F029C5 /* Assets.xcassets */ = {isa = PBXFileReference; lastKnownFileType = folder.assetcatalog; path = Assets.xcassets; sourceTree = "<group>"; };
		3094964F2AEFECE400F029C5 /* Preview Assets.xcassets */ = {isa = PBXFileReference; lastKnownFileType = folder.assetcatalog; path = "Preview Assets.xcassets"; sourceTree = "<group>"; };
		89ADE2652AF135320076D044 /* PokemonDetailModel.swift */ = {isa = PBXFileReference; lastKnownFileType = sourcecode.swift; path = PokemonDetailModel.swift; sourceTree = "<group>"; };
		89ADE2672AF136BA0076D044 /* PokemonDetailViewModel.swift */ = {isa = PBXFileReference; lastKnownFileType = sourcecode.swift; path = PokemonDetailViewModel.swift; sourceTree = "<group>"; };
		89ADE2692AF1381F0076D044 /* PokemonDetailView.swift */ = {isa = PBXFileReference; lastKnownFileType = sourcecode.swift; path = PokemonDetailView.swift; sourceTree = "<group>"; };
/* End PBXFileReference section */

/* Begin PBXFrameworksBuildPhase section */
		309496422AEFECE200F029C5 /* Frameworks */ = {
			isa = PBXFrameworksBuildPhase;
			buildActionMask = 2147483647;
			files = (
			);
			runOnlyForDeploymentPostprocessing = 0;
		};
/* End PBXFrameworksBuildPhase section */

/* Begin PBXGroup section */
		30776DD42AF08B89005C806B /* Data */ = {
			isa = PBXGroup;
			children = (
				30776DDC2AF08BE6005C806B /* Models */,
				30776DDB2AF08BD9005C806B /* Repositories */,
				30776DDA2AF08BCD005C806B /* DataSources */,
			);
			path = Data;
			sourceTree = "<group>";
		};
		30776DD52AF08B93005C806B /* Domain */ = {
			isa = PBXGroup;
			children = (
				30776DD92AF08BC2005C806B /* Repositories */,
				30776DD82AF08BB7005C806B /* UseCases */,
				30776DD72AF08BAE005C806B /* Entities */,
			);
			path = Domain;
			sourceTree = "<group>";
		};
		30776DD62AF08BA2005C806B /* Presentation */ = {
			isa = PBXGroup;
			children = (
				30776E192AF0FAE8005C806B /* Views */,
				30776E182AF0FAE0005C806B /* ViewModels */,
				30776E172AF0FAD5005C806B /* Models */,
				30776DF32AF09450005C806B /* PokemonExploreView.swift */,
			);
			path = Presentation;
			sourceTree = "<group>";
		};
		30776DD72AF08BAE005C806B /* Entities */ = {
			isa = PBXGroup;
			children = (
				30776DEA2AF0906A005C806B /* PokemonEntity.swift */,
			);
			path = Entities;
			sourceTree = "<group>";
		};
		30776DD82AF08BB7005C806B /* UseCases */ = {
			isa = PBXGroup;
			children = (
				30776DF12AF0942F005C806B /* GetPokemonListUseCase.swift */,
			);
			path = UseCases;
			sourceTree = "<group>";
		};
		30776DD92AF08BC2005C806B /* Repositories */ = {
			isa = PBXGroup;
			children = (
				30776DED2AF091A4005C806B /* ExploreRepositoryProtocol.swift */,
			);
			path = Repositories;
			sourceTree = "<group>";
		};
		30776DDA2AF08BCD005C806B /* DataSources */ = {
			isa = PBXGroup;
			children = (
				30776DE82AF08E3D005C806B /* ExploreDataSource.swift */,
			);
			path = DataSources;
			sourceTree = "<group>";
		};
		30776DDB2AF08BD9005C806B /* Repositories */ = {
			isa = PBXGroup;
			children = (
				30776DEF2AF091E5005C806B /* ExploreRepository.swift */,
			);
			path = Repositories;
			sourceTree = "<group>";
		};
		30776DDC2AF08BE6005C806B /* Models */ = {
			isa = PBXGroup;
			children = (
				30776DE42AF08DBC005C806B /* PokemonResponseModel.swift */,
				30776DE62AF08DF9005C806B /* PokemonListResponseModel.swift */,
			);
			path = Models;
			sourceTree = "<group>";
		};
		30776DDD2AF08C81005C806B /* FeatureExplore */ = {
			isa = PBXGroup;
			children = (
				30776DD62AF08BA2005C806B /* Presentation */,
				30776DD52AF08B93005C806B /* Domain */,
				30776DD42AF08B89005C806B /* Data */,
			);
			path = FeatureExplore;
			sourceTree = "<group>";
		};
		30776DDE2AF08CBB005C806B /* Core */ = {
			isa = PBXGroup;
			children = (
				30776DF52AF0946E005C806B /* Components */,
				30776DDF2AF08CC7005C806B /* Utils */,
			);
			path = Core;
			sourceTree = "<group>";
		};
		30776DDF2AF08CC7005C806B /* Utils */ = {
			isa = PBXGroup;
			children = (
				30776DE02AF08CDF005C806B /* NetworkUtils.swift */,
				30776DE22AF08D63005C806B /* Constants.swift */,
			);
			path = Utils;
			sourceTree = "<group>";
		};
		30776DF52AF0946E005C806B /* Components */ = {
			isa = PBXGroup;
			children = (
				30776DF62AF09482005C806B /* PokemonListView.swift */,
				30776E022AF0DE3D005C806B /* PokemonItemView.swift */,
			);
			path = Components;
			sourceTree = "<group>";
		};
		30776DF82AF0D750005C806B /* FeatureDetail */ = {
			isa = PBXGroup;
			children = (
				30776DFB2AF0D775005C806B /* Presentation */,
				30776DFA2AF0D76F005C806B /* Domain */,
				30776DF92AF0D766005C806B /* Data */,
			);
			path = FeatureDetail;
			sourceTree = "<group>";
		};
		30776DF92AF0D766005C806B /* Data */ = {
			isa = PBXGroup;
			children = (
				30776E012AF0D7B1005C806B /* Models */,
				30776E002AF0D7A9005C806B /* Repositories */,
				30776DFF2AF0D79F005C806B /* DataSources */,
			);
			path = Data;
			sourceTree = "<group>";
		};
		30776DFA2AF0D76F005C806B /* Domain */ = {
			isa = PBXGroup;
			children = (
				30776DFE2AF0D796005C806B /* Repositories */,
				30776DFD2AF0D788005C806B /* UseCases */,
				30776DFC2AF0D77F005C806B /* Entities */,
			);
			path = Domain;
			sourceTree = "<group>";
		};
		30776DFB2AF0D775005C806B /* Presentation */ = {
			isa = PBXGroup;
			children = (
				89ADE2642AF135090076D044 /* Views */,
				89ADE2632AF134FA0076D044 /* ViewModels */,
				89ADE2622AF134EE0076D044 /* Models */,
				30776E112AF0E570005C806B /* PokemonDetailViewDeprecated.swift */,
			);
			path = Presentation;
			sourceTree = "<group>";
		};
		30776DFC2AF0D77F005C806B /* Entities */ = {
			isa = PBXGroup;
			children = (
				30776E082AF0E2FB005C806B /* PokemonDetailEntity.swift */,
			);
			path = Entities;
			sourceTree = "<group>";
		};
		30776DFD2AF0D788005C806B /* UseCases */ = {
			isa = PBXGroup;
			children = (
				30776E0F2AF0E4EC005C806B /* GetPokemonDetailUseCase.swift */,
			);
			path = UseCases;
			sourceTree = "<group>";
		};
		30776DFE2AF0D796005C806B /* Repositories */ = {
			isa = PBXGroup;
			children = (
				30776E0A2AF0E3D7005C806B /* DetailRepositoryProtocol.swift */,
			);
			path = Repositories;
			sourceTree = "<group>";
		};
		30776DFF2AF0D79F005C806B /* DataSources */ = {
			isa = PBXGroup;
			children = (
				30776E062AF0E0FB005C806B /* DetailDataSource.swift */,
			);
			path = DataSources;
			sourceTree = "<group>";
		};
		30776E002AF0D7A9005C806B /* Repositories */ = {
			isa = PBXGroup;
			children = (
				30776E0C2AF0E417005C806B /* DetailRepository.swift */,
			);
			path = Repositories;
			sourceTree = "<group>";
		};
		30776E012AF0D7B1005C806B /* Models */ = {
			isa = PBXGroup;
			children = (
				30776E042AF0E085005C806B /* PokemonDetailResponseModel.swift */,
				30776E132AF0F0AE005C806B /* PokemonStatsModel.swift */,
				30776E152AF0F147005C806B /* PokemonStatModel.swift */,
			);
			path = Models;
			sourceTree = "<group>";
		};
		30776E172AF0FAD5005C806B /* Models */ = {
			isa = PBXGroup;
			children = (
				30776E1A2AF0FB28005C806B /* PokemonModel.swift */,
			);
			path = Models;
			sourceTree = "<group>";
		};
		30776E182AF0FAE0005C806B /* ViewModels */ = {
			isa = PBXGroup;
			children = (
				30776E1C2AF0FBC4005C806B /* PokemonExploreViewModel.swift */,
			);
			path = ViewModels;
			sourceTree = "<group>";
		};
		30776E192AF0FAE8005C806B /* Views */ = {
			isa = PBXGroup;
			children = (
				30776E222AF0FC8F005C806B /* PokemonExplorerView.swift */,
			);
			path = Views;
			sourceTree = "<group>";
		};
		3094963C2AEFECE200F029C5 = {
			isa = PBXGroup;
			children = (
				309496472AEFECE200F029C5 /* PokedexSwift */,
				309496462AEFECE200F029C5 /* Products */,
			);
			sourceTree = "<group>";
		};
		309496462AEFECE200F029C5 /* Products */ = {
			isa = PBXGroup;
			children = (
				309496452AEFECE200F029C5 /* PokedexSwift.app */,
			);
			name = Products;
			sourceTree = "<group>";
		};
		309496472AEFECE200F029C5 /* PokedexSwift */ = {
			isa = PBXGroup;
			children = (
				30776DDE2AF08CBB005C806B /* Core */,
				30776DF82AF0D750005C806B /* FeatureDetail */,
				30776DDD2AF08C81005C806B /* FeatureExplore */,
				309496482AEFECE200F029C5 /* PokedexSwiftApp.swift */,
				3094964A2AEFECE200F029C5 /* ContentView.swift */,
				3094964C2AEFECE400F029C5 /* Assets.xcassets */,
				3094964E2AEFECE400F029C5 /* Preview Content */,
			);
			path = PokedexSwift;
			sourceTree = "<group>";
		};
		3094964E2AEFECE400F029C5 /* Preview Content */ = {
			isa = PBXGroup;
			children = (
				3094964F2AEFECE400F029C5 /* Preview Assets.xcassets */,
			);
			path = "Preview Content";
			sourceTree = "<group>";
		};
		89ADE2622AF134EE0076D044 /* Models */ = {
			isa = PBXGroup;
			children = (
				89ADE2652AF135320076D044 /* PokemonDetailModel.swift */,
			);
			path = Models;
			sourceTree = "<group>";
		};
		89ADE2632AF134FA0076D044 /* ViewModels */ = {
			isa = PBXGroup;
			children = (
				89ADE2672AF136BA0076D044 /* PokemonDetailViewModel.swift */,
			);
			path = ViewModels;
			sourceTree = "<group>";
		};
		89ADE2642AF135090076D044 /* Views */ = {
			isa = PBXGroup;
			children = (
				89ADE2692AF1381F0076D044 /* PokemonDetailView.swift */,
			);
			path = Views;
			sourceTree = "<group>";
		};
/* End PBXGroup section */

/* Begin PBXNativeTarget section */
		309496442AEFECE200F029C5 /* PokedexSwift */ = {
			isa = PBXNativeTarget;
			buildConfigurationList = 309496532AEFECE400F029C5 /* Build configuration list for PBXNativeTarget "PokedexSwift" */;
			buildPhases = (
				309496412AEFECE200F029C5 /* Sources */,
				309496422AEFECE200F029C5 /* Frameworks */,
				309496432AEFECE200F029C5 /* Resources */,
			);
			buildRules = (
			);
			dependencies = (
			);
			name = PokedexSwift;
			productName = PokedexSwift;
			productReference = 309496452AEFECE200F029C5 /* PokedexSwift.app */;
			productType = "com.apple.product-type.application";
		};
/* End PBXNativeTarget section */

/* Begin PBXProject section */
		3094963D2AEFECE200F029C5 /* Project object */ = {
			isa = PBXProject;
			attributes = {
				BuildIndependentTargetsInParallel = 1;
				LastSwiftUpdateCheck = 1500;
				LastUpgradeCheck = 1500;
				TargetAttributes = {
					309496442AEFECE200F029C5 = {
						CreatedOnToolsVersion = 15.0;
					};
				};
			};
			buildConfigurationList = 309496402AEFECE200F029C5 /* Build configuration list for PBXProject "PokedexSwift" */;
			compatibilityVersion = "Xcode 14.0";
			developmentRegion = en;
			hasScannedForEncodings = 0;
			knownRegions = (
				en,
				Base,
			);
			mainGroup = 3094963C2AEFECE200F029C5;
			productRefGroup = 309496462AEFECE200F029C5 /* Products */;
			projectDirPath = "";
			projectRoot = "";
			targets = (
				309496442AEFECE200F029C5 /* PokedexSwift */,
			);
		};
/* End PBXProject section */

/* Begin PBXResourcesBuildPhase section */
		309496432AEFECE200F029C5 /* Resources */ = {
			isa = PBXResourcesBuildPhase;
			buildActionMask = 2147483647;
			files = (
				309496502AEFECE400F029C5 /* Preview Assets.xcassets in Resources */,
				3094964D2AEFECE400F029C5 /* Assets.xcassets in Resources */,
			);
			runOnlyForDeploymentPostprocessing = 0;
		};
/* End PBXResourcesBuildPhase section */

/* Begin PBXSourcesBuildPhase section */
		309496412AEFECE200F029C5 /* Sources */ = {
			isa = PBXSourcesBuildPhase;
			buildActionMask = 2147483647;
			files = (
				30776DE72AF08DF9005C806B /* PokemonListResponseModel.swift in Sources */,
				30776E032AF0DE3D005C806B /* PokemonItemView.swift in Sources */,
				3094964B2AEFECE200F029C5 /* ContentView.swift in Sources */,
				30776DF72AF09482005C806B /* PokemonListView.swift in Sources */,
				30776E0D2AF0E417005C806B /* DetailRepository.swift in Sources */,
				30776E122AF0E570005C806B /* PokemonDetailViewDeprecated.swift in Sources */,
				30776DE12AF08CDF005C806B /* NetworkUtils.swift in Sources */,
				30776E1B2AF0FB28005C806B /* PokemonModel.swift in Sources */,
				89ADE26A2AF1381F0076D044 /* PokemonDetailView.swift in Sources */,
				309496492AEFECE200F029C5 /* PokedexSwiftApp.swift in Sources */,
				30776DEB2AF0906A005C806B /* PokemonEntity.swift in Sources */,
				30776DEE2AF091A4005C806B /* ExploreRepositoryProtocol.swift in Sources */,
				89ADE2682AF136BA0076D044 /* PokemonDetailViewModel.swift in Sources */,
				30776E1D2AF0FBC4005C806B /* PokemonExploreViewModel.swift in Sources */,
				30776DF42AF09450005C806B /* PokemonExploreView.swift in Sources */,
				30776E142AF0F0AE005C806B /* PokemonStatsModel.swift in Sources */,
				89ADE2662AF135320076D044 /* PokemonDetailModel.swift in Sources */,
				30776E052AF0E085005C806B /* PokemonDetailResponseModel.swift in Sources */,
				30776DF22AF0942F005C806B /* GetPokemonListUseCase.swift in Sources */,
				30776DE52AF08DBC005C806B /* PokemonResponseModel.swift in Sources */,
				30776E102AF0E4EC005C806B /* GetPokemonDetailUseCase.swift in Sources */,
				30776DE92AF08E3D005C806B /* ExploreDataSource.swift in Sources */,
				30776DF02AF091E5005C806B /* ExploreRepository.swift in Sources */,
				30776E0B2AF0E3D7005C806B /* DetailRepositoryProtocol.swift in Sources */,
				30776DE32AF08D63005C806B /* Constants.swift in Sources */,
				30776E092AF0E2FB005C806B /* PokemonDetailEntity.swift in Sources */,
				30776E072AF0E0FB005C806B /* DetailDataSource.swift in Sources */,
				30776E162AF0F147005C806B /* PokemonStatModel.swift in Sources */,
				30776E232AF0FC8F005C806B /* PokemonExplorerView.swift in Sources */,
			);
			runOnlyForDeploymentPostprocessing = 0;
		};
/* End PBXSourcesBuildPhase section */

/* Begin XCBuildConfiguration section */
		309496512AEFECE400F029C5 /* Debug */ = {
			isa = XCBuildConfiguration;
			buildSettings = {
				ALWAYS_SEARCH_USER_PATHS = NO;
				ASSETCATALOG_COMPILER_GENERATE_SWIFT_ASSET_SYMBOL_EXTENSIONS = YES;
				CLANG_ANALYZER_NONNULL = YES;
				CLANG_ANALYZER_NUMBER_OBJECT_CONVERSION = YES_AGGRESSIVE;
				CLANG_CXX_LANGUAGE_STANDARD = "gnu++20";
				CLANG_ENABLE_MODULES = YES;
				CLANG_ENABLE_OBJC_ARC = YES;
				CLANG_ENABLE_OBJC_WEAK = YES;
				CLANG_WARN_BLOCK_CAPTURE_AUTORELEASING = YES;
				CLANG_WARN_BOOL_CONVERSION = YES;
				CLANG_WARN_COMMA = YES;
				CLANG_WARN_CONSTANT_CONVERSION = YES;
				CLANG_WARN_DEPRECATED_OBJC_IMPLEMENTATIONS = YES;
				CLANG_WARN_DIRECT_OBJC_ISA_USAGE = YES_ERROR;
				CLANG_WARN_DOCUMENTATION_COMMENTS = YES;
				CLANG_WARN_EMPTY_BODY = YES;
				CLANG_WARN_ENUM_CONVERSION = YES;
				CLANG_WARN_INFINITE_RECURSION = YES;
				CLANG_WARN_INT_CONVERSION = YES;
				CLANG_WARN_NON_LITERAL_NULL_CONVERSION = YES;
				CLANG_WARN_OBJC_IMPLICIT_RETAIN_SELF = YES;
				CLANG_WARN_OBJC_LITERAL_CONVERSION = YES;
				CLANG_WARN_OBJC_ROOT_CLASS = YES_ERROR;
				CLANG_WARN_QUOTED_INCLUDE_IN_FRAMEWORK_HEADER = YES;
				CLANG_WARN_RANGE_LOOP_ANALYSIS = YES;
				CLANG_WARN_STRICT_PROTOTYPES = YES;
				CLANG_WARN_SUSPICIOUS_MOVE = YES;
				CLANG_WARN_UNGUARDED_AVAILABILITY = YES_AGGRESSIVE;
				CLANG_WARN_UNREACHABLE_CODE = YES;
				CLANG_WARN__DUPLICATE_METHOD_MATCH = YES;
				COPY_PHASE_STRIP = NO;
				DEBUG_INFORMATION_FORMAT = dwarf;
				ENABLE_STRICT_OBJC_MSGSEND = YES;
				ENABLE_TESTABILITY = YES;
				ENABLE_USER_SCRIPT_SANDBOXING = YES;
				GCC_C_LANGUAGE_STANDARD = gnu17;
				GCC_DYNAMIC_NO_PIC = NO;
				GCC_NO_COMMON_BLOCKS = YES;
				GCC_OPTIMIZATION_LEVEL = 0;
				GCC_PREPROCESSOR_DEFINITIONS = (
					"DEBUG=1",
					"$(inherited)",
				);
				GCC_WARN_64_TO_32_BIT_CONVERSION = YES;
				GCC_WARN_ABOUT_RETURN_TYPE = YES_ERROR;
				GCC_WARN_UNDECLARED_SELECTOR = YES;
				GCC_WARN_UNINITIALIZED_AUTOS = YES_AGGRESSIVE;
				GCC_WARN_UNUSED_FUNCTION = YES;
				GCC_WARN_UNUSED_VARIABLE = YES;
				IPHONEOS_DEPLOYMENT_TARGET = 17.0;
				LOCALIZATION_PREFERS_STRING_CATALOGS = YES;
				MTL_ENABLE_DEBUG_INFO = INCLUDE_SOURCE;
				MTL_FAST_MATH = YES;
				ONLY_ACTIVE_ARCH = YES;
				SDKROOT = iphoneos;
				SWIFT_ACTIVE_COMPILATION_CONDITIONS = "DEBUG $(inherited)";
				SWIFT_OPTIMIZATION_LEVEL = "-Onone";
			};
			name = Debug;
		};
		309496522AEFECE400F029C5 /* Release */ = {
			isa = XCBuildConfiguration;
			buildSettings = {
				ALWAYS_SEARCH_USER_PATHS = NO;
				ASSETCATALOG_COMPILER_GENERATE_SWIFT_ASSET_SYMBOL_EXTENSIONS = YES;
				CLANG_ANALYZER_NONNULL = YES;
				CLANG_ANALYZER_NUMBER_OBJECT_CONVERSION = YES_AGGRESSIVE;
				CLANG_CXX_LANGUAGE_STANDARD = "gnu++20";
				CLANG_ENABLE_MODULES = YES;
				CLANG_ENABLE_OBJC_ARC = YES;
				CLANG_ENABLE_OBJC_WEAK = YES;
				CLANG_WARN_BLOCK_CAPTURE_AUTORELEASING = YES;
				CLANG_WARN_BOOL_CONVERSION = YES;
				CLANG_WARN_COMMA = YES;
				CLANG_WARN_CONSTANT_CONVERSION = YES;
				CLANG_WARN_DEPRECATED_OBJC_IMPLEMENTATIONS = YES;
				CLANG_WARN_DIRECT_OBJC_ISA_USAGE = YES_ERROR;
				CLANG_WARN_DOCUMENTATION_COMMENTS = YES;
				CLANG_WARN_EMPTY_BODY = YES;
				CLANG_WARN_ENUM_CONVERSION = YES;
				CLANG_WARN_INFINITE_RECURSION = YES;
				CLANG_WARN_INT_CONVERSION = YES;
				CLANG_WARN_NON_LITERAL_NULL_CONVERSION = YES;
				CLANG_WARN_OBJC_IMPLICIT_RETAIN_SELF = YES;
				CLANG_WARN_OBJC_LITERAL_CONVERSION = YES;
				CLANG_WARN_OBJC_ROOT_CLASS = YES_ERROR;
				CLANG_WARN_QUOTED_INCLUDE_IN_FRAMEWORK_HEADER = YES;
				CLANG_WARN_RANGE_LOOP_ANALYSIS = YES;
				CLANG_WARN_STRICT_PROTOTYPES = YES;
				CLANG_WARN_SUSPICIOUS_MOVE = YES;
				CLANG_WARN_UNGUARDED_AVAILABILITY = YES_AGGRESSIVE;
				CLANG_WARN_UNREACHABLE_CODE = YES;
				CLANG_WARN__DUPLICATE_METHOD_MATCH = YES;
				COPY_PHASE_STRIP = NO;
				DEBUG_INFORMATION_FORMAT = "dwarf-with-dsym";
				ENABLE_NS_ASSERTIONS = NO;
				ENABLE_STRICT_OBJC_MSGSEND = YES;
				ENABLE_USER_SCRIPT_SANDBOXING = YES;
				GCC_C_LANGUAGE_STANDARD = gnu17;
				GCC_NO_COMMON_BLOCKS = YES;
				GCC_WARN_64_TO_32_BIT_CONVERSION = YES;
				GCC_WARN_ABOUT_RETURN_TYPE = YES_ERROR;
				GCC_WARN_UNDECLARED_SELECTOR = YES;
				GCC_WARN_UNINITIALIZED_AUTOS = YES_AGGRESSIVE;
				GCC_WARN_UNUSED_FUNCTION = YES;
				GCC_WARN_UNUSED_VARIABLE = YES;
				IPHONEOS_DEPLOYMENT_TARGET = 17.0;
				LOCALIZATION_PREFERS_STRING_CATALOGS = YES;
				MTL_ENABLE_DEBUG_INFO = NO;
				MTL_FAST_MATH = YES;
				SDKROOT = iphoneos;
				SWIFT_COMPILATION_MODE = wholemodule;
				VALIDATE_PRODUCT = YES;
			};
			name = Release;
		};
		309496542AEFECE400F029C5 /* Debug */ = {
			isa = XCBuildConfiguration;
			buildSettings = {
				ASSETCATALOG_COMPILER_APPICON_NAME = AppIcon;
				ASSETCATALOG_COMPILER_GLOBAL_ACCENT_COLOR_NAME = AccentColor;
				CODE_SIGN_STYLE = Automatic;
				CURRENT_PROJECT_VERSION = 1;
				DEVELOPMENT_ASSET_PATHS = "\"PokedexSwift/Preview Content\"";
				DEVELOPMENT_TEAM = RM724CW9DX;
				ENABLE_PREVIEWS = YES;
				GENERATE_INFOPLIST_FILE = YES;
				INFOPLIST_KEY_UIApplicationSceneManifest_Generation = YES;
				INFOPLIST_KEY_UIApplicationSupportsIndirectInputEvents = YES;
				INFOPLIST_KEY_UILaunchScreen_Generation = YES;
				INFOPLIST_KEY_UISupportedInterfaceOrientations_iPad = "UIInterfaceOrientationPortrait UIInterfaceOrientationPortraitUpsideDown UIInterfaceOrientationLandscapeLeft UIInterfaceOrientationLandscapeRight";
				INFOPLIST_KEY_UISupportedInterfaceOrientations_iPhone = "UIInterfaceOrientationPortrait UIInterfaceOrientationLandscapeLeft UIInterfaceOrientationLandscapeRight";
				LD_RUNPATH_SEARCH_PATHS = (
					"$(inherited)",
					"@executable_path/Frameworks",
				);
				MARKETING_VERSION = 1.0;
				PRODUCT_BUNDLE_IDENTIFIER = com.ksssssw.PokedexSwift;
				PRODUCT_NAME = "$(TARGET_NAME)";
				SWIFT_EMIT_LOC_STRINGS = YES;
				SWIFT_VERSION = 5.0;
				TARGETED_DEVICE_FAMILY = "1,2";
			};
			name = Debug;
		};
		309496552AEFECE400F029C5 /* Release */ = {
			isa = XCBuildConfiguration;
			buildSettings = {
				ASSETCATALOG_COMPILER_APPICON_NAME = AppIcon;
				ASSETCATALOG_COMPILER_GLOBAL_ACCENT_COLOR_NAME = AccentColor;
				CODE_SIGN_STYLE = Automatic;
				CURRENT_PROJECT_VERSION = 1;
				DEVELOPMENT_ASSET_PATHS = "\"PokedexSwift/Preview Content\"";
				DEVELOPMENT_TEAM = RM724CW9DX;
				ENABLE_PREVIEWS = YES;
				GENERATE_INFOPLIST_FILE = YES;
				INFOPLIST_KEY_UIApplicationSceneManifest_Generation = YES;
				INFOPLIST_KEY_UIApplicationSupportsIndirectInputEvents = YES;
				INFOPLIST_KEY_UILaunchScreen_Generation = YES;
				INFOPLIST_KEY_UISupportedInterfaceOrientations_iPad = "UIInterfaceOrientationPortrait UIInterfaceOrientationPortraitUpsideDown UIInterfaceOrientationLandscapeLeft UIInterfaceOrientationLandscapeRight";
				INFOPLIST_KEY_UISupportedInterfaceOrientations_iPhone = "UIInterfaceOrientationPortrait UIInterfaceOrientationLandscapeLeft UIInterfaceOrientationLandscapeRight";
				LD_RUNPATH_SEARCH_PATHS = (
					"$(inherited)",
					"@executable_path/Frameworks",
				);
				MARKETING_VERSION = 1.0;
				PRODUCT_BUNDLE_IDENTIFIER = com.ksssssw.PokedexSwift;
				PRODUCT_NAME = "$(TARGET_NAME)";
				SWIFT_EMIT_LOC_STRINGS = YES;
				SWIFT_VERSION = 5.0;
				TARGETED_DEVICE_FAMILY = "1,2";
			};
			name = Release;
		};
/* End XCBuildConfiguration section */

/* Begin XCConfigurationList section */
		309496402AEFECE200F029C5 /* Build configuration list for PBXProject "PokedexSwift" */ = {
			isa = XCConfigurationList;
			buildConfigurations = (
				309496512AEFECE400F029C5 /* Debug */,
				309496522AEFECE400F029C5 /* Release */,
			);
			defaultConfigurationIsVisible = 0;
			defaultConfigurationName = Release;
		};
		309496532AEFECE400F029C5 /* Build configuration list for PBXNativeTarget "PokedexSwift" */ = {
			isa = XCConfigurationList;
			buildConfigurations = (
				309496542AEFECE400F029C5 /* Debug */,
				309496552AEFECE400F029C5 /* Release */,
			);
			defaultConfigurationIsVisible = 0;
			defaultConfigurationName = Release;
		};
/* End XCConfigurationList section */
	};
	rootObject = 3094963D2AEFECE200F029C5 /* Project object */;
}
